
Microsoft Visual Studio Solution File, Format Version 12.00
# Visual Studio Version 17
VisualStudioVersion = 17.9.34714.143
MinimumVisualStudioVersion = 10.0.40219.1
Project("{9A19103F-16F7-4668-BE54-9A1E7A4F7556}") = "Wfa_ZabanSara", "Wfa_ZabanSara\Wfa_ZabanSara.csproj", "{23DA6E33-2D0B-4454-9BF9-FC1937EBEFC4}"
EndProject
Project("{9A19103F-16F7-4668-BE54-9A1E7A4F7556}") = "BaseControl", "..\BaseControl\BaseControl\BaseControl.csproj", "{A5E1AC9B-0E31-4103-A330-910FC3C14B29}"
EndProject
Global
	GlobalSection(SolutionConfigurationPlatforms) = preSolution
		Debug|Any CPU = Debug|Any CPU
		Release|Any CPU = Release|Any CPU
	EndGlobalSection
	GlobalSection(ProjectConfigurationPlatforms) = postSolution
		{23DA6E33-2D0B-4454-9BF9-FC1937EBEFC4}.Debug|Any CPU.ActiveCfg = Debug|Any CPU
		{23DA6E33-2D0B-4454-9BF9-FC1937EBEFC4}.Debug|Any CPU.Build.0 = Debug|Any CPU
		{23DA6E33-2D0B-4454-9BF9-FC1937EBEFC4}.Release|Any CPU.ActiveCfg = Release|Any CPU
		{23DA6E33-2D0B-4454-9BF9-FC1937EBEFC4}.Release|Any CPU.Build.0 = Release|Any CPU
		{A5E1AC9B-0E31-4103-A330-910FC3C14B29}.Debug|Any CPU.ActiveCfg = Debug|Any CPU
		{A5E1AC9B-0E31-4103-A330-910FC3C14B29}.Debug|Any CPU.Build.0 = Debug|Any CPU
		{A5E1AC9B-0E31-4103-A330-910FC3C14B29}.Release|Any CPU.ActiveCfg = Release|Any CPU
		{A5E1AC9B-0E31-4103-A330-910FC3C14B29}.Release|Any CPU.Build.0 = Release|Any CPU
	EndGlobalSection
	GlobalSection(SolutionProperties) = preSolution
		HideSolutionNode = FALSE
	EndGlobalSection
	GlobalSection(ExtensibilityGlobals) = postSolution
		SolutionGuid = {8628E9AF-1878-4619-93DD-FCE29D451D06}
	EndGlobalSection
EndGlobal
